
Microsoft Visual Studio Solution File, Format Version 12.00
# Visual Studio Version 17
VisualStudioVersion = 17.0.31903.59
MinimumVisualStudioVersion = 10.0.40219.1
Project("{2150E333-8FDC-42A3-9474-1A3956D46DE8}") = "src", "src", "{827E0CD3-B72D-47B6-A68D-7590B98EB39B}"
EndProject
Project("{FAE04EC0-301F-11D3-BF4B-00C04F79EFBC}") = "FSI.SmartPark.Domain", "src\FSI.SmartPark.Domain\FSI.SmartPark.Domain.csproj", "{7ACA0553-082B-4E30-BCDD-5767CC884A01}"
EndProject
Project("{FAE04EC0-301F-11D3-BF4B-00C04F79EFBC}") = "FSI.SmartPark.Application", "src\FSI.SmartPark.Application\FSI.SmartPark.Application.csproj", "{F703CD00-1A35-49A5-82AC-8CE7FA4E8841}"
EndProject
Project("{FAE04EC0-301F-11D3-BF4B-00C04F79EFBC}") = "FSI.SmartPark.Infrastructure", "src\FSI.SmartPark.Infrastructure\FSI.SmartPark.Infrastructure.csproj", "{20B9B855-C0EE-4717-8201-68D5C179B754}"
EndProject
Project("{FAE04EC0-301F-11D3-BF4B-00C04F79EFBC}") = "FSI.SmartPark.API", "src\FSI.SmartPark.API\FSI.SmartPark.API.csproj", "{B35BA080-1F2F-4DD3-8F38-A63B5D8C4DCD}"
EndProject
Project("{FAE04EC0-301F-11D3-BF4B-00C04F79EFBC}") = "FSI.SmartPark.Test.UnitTests", "test\FSI.SmartPark.UnitTests\FSI.SmartPark.Test.UnitTests.csproj", "{A2DFCA03-5D6B-4569-B2EF-128984C65EFE}"
EndProject
Project("{FAE04EC0-301F-11D3-BF4B-00C04F79EFBC}") = "FSI.SmartPark.Test.IntegrationTests", "test\FSI.SmartPark.IntegrationTests\FSI.SmartPark.Test.IntegrationTests.csproj", "{C64D6AC1-ACFA-452F-81A0-6A9900B8BBA4}"
EndProject
Project("{FAE04EC0-301F-11D3-BF4B-00C04F79EFBC}") = "FSI.SmartPark.Test.ArchitectureTests", "test\FSI.SmartPark.ArchitectureTests\FSI.SmartPark.Test.ArchitectureTests.csproj", "{CB3C2FD9-EE44-43A2-A6D4-832874BABDBC}"
EndProject
Project("{FAE04EC0-301F-11D3-BF4B-00C04F79EFBC}") = "FSI.SmartPark.Test.E2ETests", "test\FSI.SmartPark.E2ETests\FSI.SmartPark.Test.E2ETests.csproj", "{806EF0B5-C6B4-490F-A336-B33576D5C84E}"
EndProject
Global
	GlobalSection(SolutionConfigurationPlatforms) = preSolution
		Debug|Any CPU = Debug|Any CPU
		Debug|x64 = Debug|x64
		Debug|x86 = Debug|x86
		Release|Any CPU = Release|Any CPU
		Release|x64 = Release|x64
		Release|x86 = Release|x86
	EndGlobalSection
	GlobalSection(ProjectConfigurationPlatforms) = postSolution
		{7ACA0553-082B-4E30-BCDD-5767CC884A01}.Debug|Any CPU.ActiveCfg = Debug|Any CPU
		{7ACA0553-082B-4E30-BCDD-5767CC884A01}.Debug|Any CPU.Build.0 = Debug|Any CPU
		{7ACA0553-082B-4E30-BCDD-5767CC884A01}.Debug|x64.ActiveCfg = Debug|Any CPU
		{7ACA0553-082B-4E30-BCDD-5767CC884A01}.Debug|x64.Build.0 = Debug|Any CPU
		{7ACA0553-082B-4E30-BCDD-5767CC884A01}.Debug|x86.ActiveCfg = Debug|Any CPU
		{7ACA0553-082B-4E30-BCDD-5767CC884A01}.Debug|x86.Build.0 = Debug|Any CPU
		{7ACA0553-082B-4E30-BCDD-5767CC884A01}.Release|Any CPU.ActiveCfg = Release|Any CPU
		{7ACA0553-082B-4E30-BCDD-5767CC884A01}.Release|Any CPU.Build.0 = Release|Any CPU
		{7ACA0553-082B-4E30-BCDD-5767CC884A01}.Release|x64.ActiveCfg = Release|Any CPU
		{7ACA0553-082B-4E30-BCDD-5767CC884A01}.Release|x64.Build.0 = Release|Any CPU
		{7ACA0553-082B-4E30-BCDD-5767CC884A01}.Release|x86.ActiveCfg = Release|Any CPU
		{7ACA0553-082B-4E30-BCDD-5767CC884A01}.Release|x86.Build.0 = Release|Any CPU
		{F703CD00-1A35-49A5-82AC-8CE7FA4E8841}.Debug|Any CPU.ActiveCfg = Debug|Any CPU
		{F703CD00-1A35-49A5-82AC-8CE7FA4E8841}.Debug|Any CPU.Build.0 = Debug|Any CPU
		{F703CD00-1A35-49A5-82AC-8CE7FA4E8841}.Debug|x64.ActiveCfg = Debug|Any CPU
		{F703CD00-1A35-49A5-82AC-8CE7FA4E8841}.Debug|x64.Build.0 = Debug|Any CPU
		{F703CD00-1A35-49A5-82AC-8CE7FA4E8841}.Debug|x86.ActiveCfg = Debug|Any CPU
		{F703CD00-1A35-49A5-82AC-8CE7FA4E8841}.Debug|x86.Build.0 = Debug|Any CPU
		{F703CD00-1A35-49A5-82AC-8CE7FA4E8841}.Release|Any CPU.ActiveCfg = Release|Any CPU
		{F703CD00-1A35-49A5-82AC-8CE7FA4E8841}.Release|Any CPU.Build.0 = Release|Any CPU
		{F703CD00-1A35-49A5-82AC-8CE7FA4E8841}.Release|x64.ActiveCfg = Release|Any CPU
		{F703CD00-1A35-49A5-82AC-8CE7FA4E8841}.Release|x64.Build.0 = Release|Any CPU
		{F703CD00-1A35-49A5-82AC-8CE7FA4E8841}.Release|x86.ActiveCfg = Release|Any CPU
		{F703CD00-1A35-49A5-82AC-8CE7FA4E8841}.Release|x86.Build.0 = Release|Any CPU
		{20B9B855-C0EE-4717-8201-68D5C179B754}.Debug|Any CPU.ActiveCfg = Debug|Any CPU
		{20B9B855-C0EE-4717-8201-68D5C179B754}.Debug|Any CPU.Build.0 = Debug|Any CPU
		{20B9B855-C0EE-4717-8201-68D5C179B754}.Debug|x64.ActiveCfg = Debug|Any CPU
		{20B9B855-C0EE-4717-8201-68D5C179B754}.Debug|x64.Build.0 = Debug|Any CPU
		{20B9B855-C0EE-4717-8201-68D5C179B754}.Debug|x86.ActiveCfg = Debug|Any CPU
		{20B9B855-C0EE-4717-8201-68D5C179B754}.Debug|x86.Build.0 = Debug|Any CPU
		{20B9B855-C0EE-4717-8201-68D5C179B754}.Release|Any CPU.ActiveCfg = Release|Any CPU
		{20B9B855-C0EE-4717-8201-68D5C179B754}.Release|Any CPU.Build.0 = Release|Any CPU
		{20B9B855-C0EE-4717-8201-68D5C179B754}.Release|x64.ActiveCfg = Release|Any CPU
		{20B9B855-C0EE-4717-8201-68D5C179B754}.Release|x64.Build.0 = Release|Any CPU
		{20B9B855-C0EE-4717-8201-68D5C179B754}.Release|x86.ActiveCfg = Release|Any CPU
		{20B9B855-C0EE-4717-8201-68D5C179B754}.Release|x86.Build.0 = Release|Any CPU
		{B35BA080-1F2F-4DD3-8F38-A63B5D8C4DCD}.Debug|Any CPU.ActiveCfg = Debug|Any CPU
		{B35BA080-1F2F-4DD3-8F38-A63B5D8C4DCD}.Debug|Any CPU.Build.0 = Debug|Any CPU
		{B35BA080-1F2F-4DD3-8F38-A63B5D8C4DCD}.Debug|x64.ActiveCfg = Debug|Any CPU
		{B35BA080-1F2F-4DD3-8F38-A63B5D8C4DCD}.Debug|x64.Build.0 = Debug|Any CPU
		{B35BA080-1F2F-4DD3-8F38-A63B5D8C4DCD}.Debug|x86.ActiveCfg = Debug|Any CPU
		{B35BA080-1F2F-4DD3-8F38-A63B5D8C4DCD}.Debug|x86.Build.0 = Debug|Any CPU
		{B35BA080-1F2F-4DD3-8F38-A63B5D8C4DCD}.Release|Any CPU.ActiveCfg = Release|Any CPU
		{B35BA080-1F2F-4DD3-8F38-A63B5D8C4DCD}.Release|Any CPU.Build.0 = Release|Any CPU
		{B35BA080-1F2F-4DD3-8F38-A63B5D8C4DCD}.Release|x64.ActiveCfg = Release|Any CPU
		{B35BA080-1F2F-4DD3-8F38-A63B5D8C4DCD}.Release|x64.Build.0 = Release|Any CPU
		{B35BA080-1F2F-4DD3-8F38-A63B5D8C4DCD}.Release|x86.ActiveCfg = Release|Any CPU
		{B35BA080-1F2F-4DD3-8F38-A63B5D8C4DCD}.Release|x86.Build.0 = Release|Any CPU
		{A2DFCA03-5D6B-4569-B2EF-128984C65EFE}.Debug|Any CPU.ActiveCfg = Debug|Any CPU
		{A2DFCA03-5D6B-4569-B2EF-128984C65EFE}.Debug|Any CPU.Build.0 = Debug|Any CPU
		{A2DFCA03-5D6B-4569-B2EF-128984C65EFE}.Debug|x64.ActiveCfg = Debug|Any CPU
		{A2DFCA03-5D6B-4569-B2EF-128984C65EFE}.Debug|x64.Build.0 = Debug|Any CPU
		{A2DFCA03-5D6B-4569-B2EF-128984C65EFE}.Debug|x86.ActiveCfg = Debug|Any CPU
		{A2DFCA03-5D6B-4569-B2EF-128984C65EFE}.Debug|x86.Build.0 = Debug|Any CPU
		{A2DFCA03-5D6B-4569-B2EF-128984C65EFE}.Release|Any CPU.ActiveCfg = Release|Any CPU
		{A2DFCA03-5D6B-4569-B2EF-128984C65EFE}.Release|Any CPU.Build.0 = Release|Any CPU
		{A2DFCA03-5D6B-4569-B2EF-128984C65EFE}.Release|x64.ActiveCfg = Release|Any CPU
		{A2DFCA03-5D6B-4569-B2EF-128984C65EFE}.Release|x64.Build.0 = Release|Any CPU
		{A2DFCA03-5D6B-4569-B2EF-128984C65EFE}.Release|x86.ActiveCfg = Release|Any CPU
		{A2DFCA03-5D6B-4569-B2EF-128984C65EFE}.Release|x86.Build.0 = Release|Any CPU
		{C64D6AC1-ACFA-452F-81A0-6A9900B8BBA4}.Debug|Any CPU.ActiveCfg = Debug|Any CPU
		{C64D6AC1-ACFA-452F-81A0-6A9900B8BBA4}.Debug|Any CPU.Build.0 = Debug|Any CPU
		{C64D6AC1-ACFA-452F-81A0-6A9900B8BBA4}.Debug|x64.ActiveCfg = Debug|Any CPU
		{C64D6AC1-ACFA-452F-81A0-6A9900B8BBA4}.Debug|x64.Build.0 = Debug|Any CPU
		{C64D6AC1-ACFA-452F-81A0-6A9900B8BBA4}.Debug|x86.ActiveCfg = Debug|Any CPU
		{C64D6AC1-ACFA-452F-81A0-6A9900B8BBA4}.Debug|x86.Build.0 = Debug|Any CPU
		{C64D6AC1-ACFA-452F-81A0-6A9900B8BBA4}.Release|Any CPU.ActiveCfg = Release|Any CPU
		{C64D6AC1-ACFA-452F-81A0-6A9900B8BBA4}.Release|Any CPU.Build.0 = Release|Any CPU
		{C64D6AC1-ACFA-452F-81A0-6A9900B8BBA4}.Release|x64.ActiveCfg = Release|Any CPU
		{C64D6AC1-ACFA-452F-81A0-6A9900B8BBA4}.Release|x64.Build.0 = Release|Any CPU
		{C64D6AC1-ACFA-452F-81A0-6A9900B8BBA4}.Release|x86.ActiveCfg = Release|Any CPU
		{C64D6AC1-ACFA-452F-81A0-6A9900B8BBA4}.Release|x86.Build.0 = Release|Any CPU
		{CB3C2FD9-EE44-43A2-A6D4-832874BABDBC}.Debug|Any CPU.ActiveCfg = Debug|Any CPU
		{CB3C2FD9-EE44-43A2-A6D4-832874BABDBC}.Debug|Any CPU.Build.0 = Debug|Any CPU
		{CB3C2FD9-EE44-43A2-A6D4-832874BABDBC}.Debug|x64.ActiveCfg = Debug|Any CPU
		{CB3C2FD9-EE44-43A2-A6D4-832874BABDBC}.Debug|x64.Build.0 = Debug|Any CPU
		{CB3C2FD9-EE44-43A2-A6D4-832874BABDBC}.Debug|x86.ActiveCfg = Debug|Any CPU
		{CB3C2FD9-EE44-43A2-A6D4-832874BABDBC}.Debug|x86.Build.0 = Debug|Any CPU
		{CB3C2FD9-EE44-43A2-A6D4-832874BABDBC}.Release|Any CPU.ActiveCfg = Release|Any CPU
		{CB3C2FD9-EE44-43A2-A6D4-832874BABDBC}.Release|Any CPU.Build.0 = Release|Any CPU
		{CB3C2FD9-EE44-43A2-A6D4-832874BABDBC}.Release|x64.ActiveCfg = Release|Any CPU
		{CB3C2FD9-EE44-43A2-A6D4-832874BABDBC}.Release|x64.Build.0 = Release|Any CPU
		{CB3C2FD9-EE44-43A2-A6D4-832874BABDBC}.Release|x86.ActiveCfg = Release|Any CPU
		{CB3C2FD9-EE44-43A2-A6D4-832874BABDBC}.Release|x86.Build.0 = Release|Any CPU
		{806EF0B5-C6B4-490F-A336-B33576D5C84E}.Debug|Any CPU.ActiveCfg = Debug|Any CPU
		{806EF0B5-C6B4-490F-A336-B33576D5C84E}.Debug|Any CPU.Build.0 = Debug|Any CPU
		{806EF0B5-C6B4-490F-A336-B33576D5C84E}.Debug|x64.ActiveCfg = Debug|Any CPU
		{806EF0B5-C6B4-490F-A336-B33576D5C84E}.Debug|x64.Build.0 = Debug|Any CPU
		{806EF0B5-C6B4-490F-A336-B33576D5C84E}.Debug|x86.ActiveCfg = Debug|Any CPU
		{806EF0B5-C6B4-490F-A336-B33576D5C84E}.Debug|x86.Build.0 = Debug|Any CPU
		{806EF0B5-C6B4-490F-A336-B33576D5C84E}.Release|Any CPU.ActiveCfg = Release|Any CPU
		{806EF0B5-C6B4-490F-A336-B33576D5C84E}.Release|Any CPU.Build.0 = Release|Any CPU
		{806EF0B5-C6B4-490F-A336-B33576D5C84E}.Release|x64.ActiveCfg = Release|Any CPU
		{806EF0B5-C6B4-490F-A336-B33576D5C84E}.Release|x64.Build.0 = Release|Any CPU
		{806EF0B5-C6B4-490F-A336-B33576D5C84E}.Release|x86.ActiveCfg = Release|Any CPU
		{806EF0B5-C6B4-490F-A336-B33576D5C84E}.Release|x86.Build.0 = Release|Any CPU
	EndGlobalSection
	GlobalSection(SolutionProperties) = preSolution
		HideSolutionNode = FALSE
	EndGlobalSection
	GlobalSection(NestedProjects) = preSolution
		{7ACA0553-082B-4E30-BCDD-5767CC884A01} = {827E0CD3-B72D-47B6-A68D-7590B98EB39B}
		{F703CD00-1A35-49A5-82AC-8CE7FA4E8841} = {827E0CD3-B72D-47B6-A68D-7590B98EB39B}
		{20B9B855-C0EE-4717-8201-68D5C179B754} = {827E0CD3-B72D-47B6-A68D-7590B98EB39B}
		{B35BA080-1F2F-4DD3-8F38-A63B5D8C4DCD} = {827E0CD3-B72D-47B6-A68D-7590B98EB39B}
		{A2DFCA03-5D6B-4569-B2EF-128984C65EFE} = {827E0CD3-B72D-47B6-A68D-7590B98EB39B}
		{C64D6AC1-ACFA-452F-81A0-6A9900B8BBA4} = {827E0CD3-B72D-47B6-A68D-7590B98EB39B}
		{CB3C2FD9-EE44-43A2-A6D4-832874BABDBC} = {827E0CD3-B72D-47B6-A68D-7590B98EB39B}
		{806EF0B5-C6B4-490F-A336-B33576D5C84E} = {827E0CD3-B72D-47B6-A68D-7590B98EB39B}
	EndGlobalSection
EndGlobal
