
Microsoft Visual Studio Solution File, Format Version 12.00
# Visual Studio Version 17
VisualStudioVersion = 17.0.31903.59
MinimumVisualStudioVersion = 10.0.40219.1
Project("{FAE04EC0-301F-11D3-BF4B-00C04F79EFBC}") = "FSI.SmartPark.Domain", "FSI.SmartPark.Domain\FSI.SmartPark.Domain.csproj", "{A1000001-0000-0000-0000-000000000001}"
EndProject
Project("{FAE04EC0-301F-11D3-BF4B-00C04F79EFBC}") = "FSI.SmartPark.Application", "FSI.SmartPark.Application\FSI.SmartPark.Application.csproj", "{A1000002-0000-0000-0000-000000000002}"
EndProject
Project("{FAE04EC0-301F-11D3-BF4B-00C04F79EFBC}") = "FSI.SmartPark.Infrastructure", "FSI.SmartPark.Infrastructure\FSI.SmartPark.Infrastructure.csproj", "{A1000003-0000-0000-0000-000000000003}"
EndProject
Project("{FAE04EC0-301F-11D3-BF4B-00C04F79EFBC}") = "FSI.SmartPark.API", "FSI.SmartPark.API\FSI.SmartPark.API.csproj", "{A1000004-0000-0000-0000-000000000004}"
EndProject
Project("{FAE04EC0-301F-11D3-BF4B-00C04F79EFBC}") = "FSI.SmartPark.Test.ArchitectureTests", "..\test\FSI.SmartPark.ArchitectureTests\FSI.SmartPark.Test.ArchitectureTests.csproj", "{B4AF7180-1154-63D9-135C-EC8B929F2BDD}"
EndProject
Project("{FAE04EC0-301F-11D3-BF4B-00C04F79EFBC}") = "FSI.SmartPark.Test.E2ETests", "..\test\FSI.SmartPark.E2ETests\FSI.SmartPark.Test.E2ETests.csproj", "{E6986FBC-1B1B-E384-74C8-098CDBF55327}"
EndProject
Project("{FAE04EC0-301F-11D3-BF4B-00C04F79EFBC}") = "FSI.SmartPark.Test.UnitTests", "..\test\FSI.SmartPark.UnitTests\FSI.SmartPark.Test.UnitTests.csproj", "{6CA2D934-5531-E367-1372-B38B25DB69EA}"
EndProject
Project("{FAE04EC0-301F-11D3-BF4B-00C04F79EFBC}") = "FSI.SmartPark.Test.IntegrationTests", "..\test\FSI.SmartPark.IntegrationTests\FSI.SmartPark.Test.IntegrationTests.csproj", "{72F9EF1D-822A-D11E-7754-10C9090959A8}"
EndProject
Global
	GlobalSection(SolutionConfigurationPlatforms) = preSolution
		Debug|Any CPU = Debug|Any CPU
		Debug|x64 = Debug|x64
		Debug|x86 = Debug|x86
		Release|Any CPU = Release|Any CPU
		Release|x64 = Release|x64
		Release|x86 = Release|x86
	EndGlobalSection
	GlobalSection(ProjectConfigurationPlatforms) = postSolution
		{A1000001-0000-0000-0000-000000000001}.Debug|Any CPU.ActiveCfg = Debug|Any CPU
		{A1000001-0000-0000-0000-000000000001}.Debug|Any CPU.Build.0 = Debug|Any CPU
		{A1000001-0000-0000-0000-000000000001}.Debug|x64.ActiveCfg = Debug|Any CPU
		{A1000001-0000-0000-0000-000000000001}.Debug|x64.Build.0 = Debug|Any CPU
		{A1000001-0000-0000-0000-000000000001}.Debug|x86.ActiveCfg = Debug|Any CPU
		{A1000001-0000-0000-0000-000000000001}.Debug|x86.Build.0 = Debug|Any CPU
		{A1000001-0000-0000-0000-000000000001}.Release|Any CPU.ActiveCfg = Release|Any CPU
		{A1000001-0000-0000-0000-000000000001}.Release|Any CPU.Build.0 = Release|Any CPU
		{A1000001-0000-0000-0000-000000000001}.Release|x64.ActiveCfg = Release|Any CPU
		{A1000001-0000-0000-0000-000000000001}.Release|x64.Build.0 = Release|Any CPU
		{A1000001-0000-0000-0000-000000000001}.Release|x86.ActiveCfg = Release|Any CPU
		{A1000001-0000-0000-0000-000000000001}.Release|x86.Build.0 = Release|Any CPU
		{A1000002-0000-0000-0000-000000000002}.Debug|Any CPU.ActiveCfg = Debug|Any CPU
		{A1000002-0000-0000-0000-000000000002}.Debug|Any CPU.Build.0 = Debug|Any CPU
		{A1000002-0000-0000-0000-000000000002}.Debug|x64.ActiveCfg = Debug|Any CPU
		{A1000002-0000-0000-0000-000000000002}.Debug|x64.Build.0 = Debug|Any CPU
		{A1000002-0000-0000-0000-000000000002}.Debug|x86.ActiveCfg = Debug|Any CPU
		{A1000002-0000-0000-0000-000000000002}.Debug|x86.Build.0 = Debug|Any CPU
		{A1000002-0000-0000-0000-000000000002}.Release|Any CPU.ActiveCfg = Release|Any CPU
		{A1000002-0000-0000-0000-000000000002}.Release|Any CPU.Build.0 = Release|Any CPU
		{A1000002-0000-0000-0000-000000000002}.Release|x64.ActiveCfg = Release|Any CPU
		{A1000002-0000-0000-0000-000000000002}.Release|x64.Build.0 = Release|Any CPU
		{A1000002-0000-0000-0000-000000000002}.Release|x86.ActiveCfg = Release|Any CPU
		{A1000002-0000-0000-0000-000000000002}.Release|x86.Build.0 = Release|Any CPU
		{A1000003-0000-0000-0000-000000000003}.Debug|Any CPU.ActiveCfg = Debug|Any CPU
		{A1000003-0000-0000-0000-000000000003}.Debug|Any CPU.Build.0 = Debug|Any CPU
		{A1000003-0000-0000-0000-000000000003}.Debug|x64.ActiveCfg = Debug|Any CPU
		{A1000003-0000-0000-0000-000000000003}.Debug|x64.Build.0 = Debug|Any CPU
		{A1000003-0000-0000-0000-000000000003}.Debug|x86.ActiveCfg = Debug|Any CPU
		{A1000003-0000-0000-0000-000000000003}.Debug|x86.Build.0 = Debug|Any CPU
		{A1000003-0000-0000-0000-000000000003}.Release|Any CPU.ActiveCfg = Release|Any CPU
		{A1000003-0000-0000-0000-000000000003}.Release|Any CPU.Build.0 = Release|Any CPU
		{A1000003-0000-0000-0000-000000000003}.Release|x64.ActiveCfg = Release|Any CPU
		{A1000003-0000-0000-0000-000000000003}.Release|x64.Build.0 = Release|Any CPU
		{A1000003-0000-0000-0000-000000000003}.Release|x86.ActiveCfg = Release|Any CPU
		{A1000003-0000-0000-0000-000000000003}.Release|x86.Build.0 = Release|Any CPU
		{A1000004-0000-0000-0000-000000000004}.Debug|Any CPU.ActiveCfg = Debug|Any CPU
		{A1000004-0000-0000-0000-000000000004}.Debug|Any CPU.Build.0 = Debug|Any CPU
		{A1000004-0000-0000-0000-000000000004}.Debug|x64.ActiveCfg = Debug|Any CPU
		{A1000004-0000-0000-0000-000000000004}.Debug|x64.Build.0 = Debug|Any CPU
		{A1000004-0000-0000-0000-000000000004}.Debug|x86.ActiveCfg = Debug|Any CPU
		{A1000004-0000-0000-0000-000000000004}.Debug|x86.Build.0 = Debug|Any CPU
		{A1000004-0000-0000-0000-000000000004}.Release|Any CPU.ActiveCfg = Release|Any CPU
		{A1000004-0000-0000-0000-000000000004}.Release|Any CPU.Build.0 = Release|Any CPU
		{A1000004-0000-0000-0000-000000000004}.Release|x64.ActiveCfg = Release|Any CPU
		{A1000004-0000-0000-0000-000000000004}.Release|x64.Build.0 = Release|Any CPU
		{A1000004-0000-0000-0000-000000000004}.Release|x86.ActiveCfg = Release|Any CPU
		{A1000004-0000-0000-0000-000000000004}.Release|x86.Build.0 = Release|Any CPU
		{B4AF7180-1154-63D9-135C-EC8B929F2BDD}.Debug|Any CPU.ActiveCfg = Debug|Any CPU
		{B4AF7180-1154-63D9-135C-EC8B929F2BDD}.Debug|Any CPU.Build.0 = Debug|Any CPU
		{B4AF7180-1154-63D9-135C-EC8B929F2BDD}.Debug|x64.ActiveCfg = Debug|Any CPU
		{B4AF7180-1154-63D9-135C-EC8B929F2BDD}.Debug|x64.Build.0 = Debug|Any CPU
		{B4AF7180-1154-63D9-135C-EC8B929F2BDD}.Debug|x86.ActiveCfg = Debug|Any CPU
		{B4AF7180-1154-63D9-135C-EC8B929F2BDD}.Debug|x86.Build.0 = Debug|Any CPU
		{B4AF7180-1154-63D9-135C-EC8B929F2BDD}.Release|Any CPU.ActiveCfg = Release|Any CPU
		{B4AF7180-1154-63D9-135C-EC8B929F2BDD}.Release|Any CPU.Build.0 = Release|Any CPU
		{B4AF7180-1154-63D9-135C-EC8B929F2BDD}.Release|x64.ActiveCfg = Release|Any CPU
		{B4AF7180-1154-63D9-135C-EC8B929F2BDD}.Release|x64.Build.0 = Release|Any CPU
		{B4AF7180-1154-63D9-135C-EC8B929F2BDD}.Release|x86.ActiveCfg = Release|Any CPU
		{B4AF7180-1154-63D9-135C-EC8B929F2BDD}.Release|x86.Build.0 = Release|Any CPU
		{E6986FBC-1B1B-E384-74C8-098CDBF55327}.Debug|Any CPU.ActiveCfg = Debug|Any CPU
		{E6986FBC-1B1B-E384-74C8-098CDBF55327}.Debug|Any CPU.Build.0 = Debug|Any CPU
		{E6986FBC-1B1B-E384-74C8-098CDBF55327}.Debug|x64.ActiveCfg = Debug|Any CPU
		{E6986FBC-1B1B-E384-74C8-098CDBF55327}.Debug|x64.Build.0 = Debug|Any CPU
		{E6986FBC-1B1B-E384-74C8-098CDBF55327}.Debug|x86.ActiveCfg = Debug|Any CPU
		{E6986FBC-1B1B-E384-74C8-098CDBF55327}.Debug|x86.Build.0 = Debug|Any CPU
		{E6986FBC-1B1B-E384-74C8-098CDBF55327}.Release|Any CPU.ActiveCfg = Release|Any CPU
		{E6986FBC-1B1B-E384-74C8-098CDBF55327}.Release|Any CPU.Build.0 = Release|Any CPU
		{E6986FBC-1B1B-E384-74C8-098CDBF55327}.Release|x64.ActiveCfg = Release|Any CPU
		{E6986FBC-1B1B-E384-74C8-098CDBF55327}.Release|x64.Build.0 = Release|Any CPU
		{E6986FBC-1B1B-E384-74C8-098CDBF55327}.Release|x86.ActiveCfg = Release|Any CPU
		{E6986FBC-1B1B-E384-74C8-098CDBF55327}.Release|x86.Build.0 = Release|Any CPU
		{6CA2D934-5531-E367-1372-B38B25DB69EA}.Debug|Any CPU.ActiveCfg = Debug|Any CPU
		{6CA2D934-5531-E367-1372-B38B25DB69EA}.Debug|Any CPU.Build.0 = Debug|Any CPU
		{6CA2D934-5531-E367-1372-B38B25DB69EA}.Debug|x64.ActiveCfg = Debug|Any CPU
		{6CA2D934-5531-E367-1372-B38B25DB69EA}.Debug|x64.Build.0 = Debug|Any CPU
		{6CA2D934-5531-E367-1372-B38B25DB69EA}.Debug|x86.ActiveCfg = Debug|Any CPU
		{6CA2D934-5531-E367-1372-B38B25DB69EA}.Debug|x86.Build.0 = Debug|Any CPU
		{6CA2D934-5531-E367-1372-B38B25DB69EA}.Release|Any CPU.ActiveCfg = Release|Any CPU
		{6CA2D934-5531-E367-1372-B38B25DB69EA}.Release|Any CPU.Build.0 = Release|Any CPU
		{6CA2D934-5531-E367-1372-B38B25DB69EA}.Release|x64.ActiveCfg = Release|Any CPU
		{6CA2D934-5531-E367-1372-B38B25DB69EA}.Release|x64.Build.0 = Release|Any CPU
		{6CA2D934-5531-E367-1372-B38B25DB69EA}.Release|x86.ActiveCfg = Release|Any CPU
		{6CA2D934-5531-E367-1372-B38B25DB69EA}.Release|x86.Build.0 = Release|Any CPU
		{72F9EF1D-822A-D11E-7754-10C9090959A8}.Debug|Any CPU.ActiveCfg = Debug|Any CPU
		{72F9EF1D-822A-D11E-7754-10C9090959A8}.Debug|Any CPU.Build.0 = Debug|Any CPU
		{72F9EF1D-822A-D11E-7754-10C9090959A8}.Debug|x64.ActiveCfg = Debug|Any CPU
		{72F9EF1D-822A-D11E-7754-10C9090959A8}.Debug|x64.Build.0 = Debug|Any CPU
		{72F9EF1D-822A-D11E-7754-10C9090959A8}.Debug|x86.ActiveCfg = Debug|Any CPU
		{72F9EF1D-822A-D11E-7754-10C9090959A8}.Debug|x86.Build.0 = Debug|Any CPU
		{72F9EF1D-822A-D11E-7754-10C9090959A8}.Release|Any CPU.ActiveCfg = Release|Any CPU
		{72F9EF1D-822A-D11E-7754-10C9090959A8}.Release|Any CPU.Build.0 = Release|Any CPU
		{72F9EF1D-822A-D11E-7754-10C9090959A8}.Release|x64.ActiveCfg = Release|Any CPU
		{72F9EF1D-822A-D11E-7754-10C9090959A8}.Release|x64.Build.0 = Release|Any CPU
		{72F9EF1D-822A-D11E-7754-10C9090959A8}.Release|x86.ActiveCfg = Release|Any CPU
		{72F9EF1D-822A-D11E-7754-10C9090959A8}.Release|x86.Build.0 = Release|Any CPU
	EndGlobalSection
	GlobalSection(SolutionProperties) = preSolution
		HideSolutionNode = FALSE
	EndGlobalSection
	GlobalSection(ExtensibilityGlobals) = postSolution
		SolutionGuid = {6D92A142-E4E4-4F71-8ACC-2419CEF91DC6}
	EndGlobalSection
EndGlobal
